
Microsoft Visual Studio Solution File, Format Version 12.00
# Visual Studio Version 16
VisualStudioVersion = 16.0.29418.71
MinimumVisualStudioVersion = 10.0.40219.1
Project("{FAE04EC0-301F-11D3-BF4B-00C04F79EFBC}") = "WindowsFormsPictureViewer", "WindowsFormsPictureViewer\WindowsFormsPictureViewer.csproj", "{9F291F20-62B8-4341-BEB8-626198393416}"
EndProject
Global
	GlobalSection(SolutionConfigurationPlatforms) = preSolution
		Debug|Any CPU = Debug|Any CPU
		Release|Any CPU = Release|Any CPU
	EndGlobalSection
	GlobalSection(ProjectConfigurationPlatforms) = postSolution
		{9F291F20-62B8-4341-BEB8-626198393416}.Debug|Any CPU.ActiveCfg = Debug|Any CPU
		{9F291F20-62B8-4341-BEB8-626198393416}.Debug|Any CPU.Build.0 = Debug|Any CPU
		{9F291F20-62B8-4341-BEB8-626198393416}.Release|Any CPU.ActiveCfg = Release|Any CPU
		{9F291F20-62B8-4341-BEB8-626198393416}.Release|Any CPU.Build.0 = Release|Any CPU
	EndGlobalSection
	GlobalSection(SolutionProperties) = preSolution
		HideSolutionNode = FALSE
	EndGlobalSection
	GlobalSection(ExtensibilityGlobals) = postSolution
		SolutionGuid = {B1409D86-D8DD-4CF7-AF94-7B4174161EC9}
	EndGlobalSection
EndGlobal
